
Microsoft Visual Studio Solution File, Format Version 12.00
# Visual Studio Version 16
VisualStudioVersion = 16.0.31005.135
MinimumVisualStudioVersion = 10.0.40219.1
Project("{FAE04EC0-301F-11D3-BF4B-00C04F79EFBC}") = "ScreenMonkey.Plugin.Clips.Bible", "ScreenMonkey.Plugin.Clips.Bible.csproj", "{6F9A197A-C2DA-442E-9357-A2EBCFBEE36A}"
EndProject
Global
	GlobalSection(SolutionConfigurationPlatforms) = preSolution
		Debug|Any CPU = Debug|Any CPU
		Release|Any CPU = Release|Any CPU
	EndGlobalSection
	GlobalSection(ProjectConfigurationPlatforms) = postSolution
		{6F9A197A-C2DA-442E-9357-A2EBCFBEE36A}.Debug|Any CPU.ActiveCfg = Debug|Any CPU
		{6F9A197A-C2DA-442E-9357-A2EBCFBEE36A}.Debug|Any CPU.Build.0 = Debug|Any CPU
		{6F9A197A-C2DA-442E-9357-A2EBCFBEE36A}.Release|Any CPU.ActiveCfg = Release|Any CPU
		{6F9A197A-C2DA-442E-9357-A2EBCFBEE36A}.Release|Any CPU.Build.0 = Release|Any CPU
	EndGlobalSection
	GlobalSection(SolutionProperties) = preSolution
		HideSolutionNode = FALSE
	EndGlobalSection
	GlobalSection(ExtensibilityGlobals) = postSolution
		SolutionGuid = {F2125333-4C98-4D46-A17B-083E9CDF52A5}
	EndGlobalSection
EndGlobal
